// !$*UTF8*$!
{
	archiveVersion = 1;
	classes = {
	};
	objectVersion = 77;
	objects = {

/* Begin PBXBuildFile section */
		67A9E82B2CB426A8003E2A11 /* .swiftlint.yml in Resources */ = {isa = PBXBuildFile; fileRef = 67A9E82A2CB426A8003E2A11 /* .swiftlint.yml */; };
		8DE180C32CD27B700031D8D6 /* ShhWatch Watch App.app in Embed Watch Content */ = {isa = PBXBuildFile; fileRef = 8DE180B62CD27B6F0031D8D6 /* ShhWatch Watch App.app */; settings = {ATTRIBUTES = (RemoveHeadersOnCopy, ); }; };
		FB8E69D22CCD349C00882A0F /* WidgetKit.framework in Frameworks */ = {isa = PBXBuildFile; fileRef = FB8E69D12CCD349C00882A0F /* WidgetKit.framework */; };
		FB8E69D42CCD349C00882A0F /* SwiftUI.framework in Frameworks */ = {isa = PBXBuildFile; fileRef = FB8E69D32CCD349C00882A0F /* SwiftUI.framework */; };
		FB8E69E52CCD349D00882A0F /* DynamicIslandWidgetExtension.appex in Embed Foundation Extensions */ = {isa = PBXBuildFile; fileRef = FB8E69CF2CCD349C00882A0F /* DynamicIslandWidgetExtension.appex */; settings = {ATTRIBUTES = (RemoveHeadersOnCopy, ); }; };
/* End PBXBuildFile section */

/* Begin PBXContainerItemProxy section */
		8DE180C12CD27B700031D8D6 /* PBXContainerItemProxy */ = {
			isa = PBXContainerItemProxy;
			containerPortal = 67A9E80C2CB4230E003E2A11 /* Project object */;
			proxyType = 1;
			remoteGlobalIDString = 8DE180B52CD27B6F0031D8D6;
			remoteInfo = "ShhWatch Watch App";
		};
		FB8E69E32CCD349D00882A0F /* PBXContainerItemProxy */ = {
			isa = PBXContainerItemProxy;
			containerPortal = 67A9E80C2CB4230E003E2A11 /* Project object */;
			proxyType = 1;
			remoteGlobalIDString = FB8E69CE2CCD349C00882A0F;
			remoteInfo = DynamicIslandWidgetExtension;
		};
/* End PBXContainerItemProxy section */

/* Begin PBXCopyFilesBuildPhase section */
		8DE180C42CD27B700031D8D6 /* Embed Watch Content */ = {
			isa = PBXCopyFilesBuildPhase;
			buildActionMask = 2147483647;
			dstPath = "$(CONTENTS_FOLDER_PATH)/Watch";
			dstSubfolderSpec = 16;
			files = (
				8DE180C32CD27B700031D8D6 /* ShhWatch Watch App.app in Embed Watch Content */,
			);
			name = "Embed Watch Content";
			runOnlyForDeploymentPostprocessing = 0;
		};
		FB8E69EA2CCD349D00882A0F /* Embed Foundation Extensions */ = {
			isa = PBXCopyFilesBuildPhase;
			buildActionMask = 2147483647;
			dstPath = "";
			dstSubfolderSpec = 13;
			files = (
				FB8E69E52CCD349D00882A0F /* DynamicIslandWidgetExtension.appex in Embed Foundation Extensions */,
			);
			name = "Embed Foundation Extensions";
			runOnlyForDeploymentPostprocessing = 0;
		};
/* End PBXCopyFilesBuildPhase section */

/* Begin PBXFileReference section */
		67A9E8142CB4230E003E2A11 /* Shh.app */ = {isa = PBXFileReference; explicitFileType = wrapper.application; includeInIndex = 0; path = Shh.app; sourceTree = BUILT_PRODUCTS_DIR; };
		67A9E82A2CB426A8003E2A11 /* .swiftlint.yml */ = {isa = PBXFileReference; lastKnownFileType = text.yaml; path = .swiftlint.yml; sourceTree = "<group>"; };
		8DE180B62CD27B6F0031D8D6 /* ShhWatch Watch App.app */ = {isa = PBXFileReference; explicitFileType = wrapper.application; includeInIndex = 0; path = "ShhWatch Watch App.app"; sourceTree = BUILT_PRODUCTS_DIR; };
		FB8E69CF2CCD349C00882A0F /* DynamicIslandWidgetExtension.appex */ = {isa = PBXFileReference; explicitFileType = "wrapper.app-extension"; includeInIndex = 0; path = DynamicIslandWidgetExtension.appex; sourceTree = BUILT_PRODUCTS_DIR; };
		FB8E69D12CCD349C00882A0F /* WidgetKit.framework */ = {isa = PBXFileReference; lastKnownFileType = wrapper.framework; name = WidgetKit.framework; path = System/Library/Frameworks/WidgetKit.framework; sourceTree = SDKROOT; };
		FB8E69D32CCD349C00882A0F /* SwiftUI.framework */ = {isa = PBXFileReference; lastKnownFileType = wrapper.framework; name = SwiftUI.framework; path = System/Library/Frameworks/SwiftUI.framework; sourceTree = SDKROOT; };
/* End PBXFileReference section */

/* Begin PBXFileSystemSynchronizedBuildFileExceptionSet section */
		67A9E9C02CBC40FB003E2A11 /* Exceptions for "Shh" folder in "Shh" target */ = {
			isa = PBXFileSystemSynchronizedBuildFileExceptionSet;
			membershipExceptions = (
				App/Info.plist,
			);
			target = 67A9E8132CB4230E003E2A11 /* Shh */;
		};
		8DE180EA2CD3A1450031D8D6 /* Exceptions for "Shh" folder in "ShhWatch Watch App" target */ = {
			isa = PBXFileSystemSynchronizedBuildFileExceptionSet;
			membershipExceptions = (
				Models/NoiseStatus.swift,
			);
			target = 8DE180B52CD27B6F0031D8D6 /* ShhWatch Watch App */;
		};
		FB8E69E92CCD349D00882A0F /* Exceptions for "DynamicIslandWidget" folder in "DynamicIslandWidgetExtension" target */ = {
			isa = PBXFileSystemSynchronizedBuildFileExceptionSet;
			membershipExceptions = (
				Info.plist,
			);
			target = FB8E69CE2CCD349C00882A0F /* DynamicIslandWidgetExtension */;
		};
		FB8E69EC2CCF589400882A0F /* Exceptions for "Shh" folder in "DynamicIslandWidgetExtension" target */ = {
			isa = PBXFileSystemSynchronizedBuildFileExceptionSet;
			membershipExceptions = (
				Managers/AudioManager.swift,
				Managers/LiveActivityManager.swift,
				Managers/NotificationManager.swift,
				Models/NoiseStatus.swift,
				Resources/Assets.xcassets,
			);
			target = FB8E69CE2CCD349C00882A0F /* DynamicIslandWidgetExtension */;
		};
		FB8E69EE2CCF58BC00882A0F /* Exceptions for "DynamicIslandWidget" folder in "Shh" target */ = {
			isa = PBXFileSystemSynchronizedBuildFileExceptionSet;
			membershipExceptions = (
				AppIntent.swift,
				Components/MeteringButton.swift,
				DynamicIslandWidgetLiveActivity.swift,
				LockScreenAndBannerView.swift,
			);
			target = 67A9E8132CB4230E003E2A11 /* Shh */;
		};
/* End PBXFileSystemSynchronizedBuildFileExceptionSet section */

/* Begin PBXFileSystemSynchronizedRootGroup section */
		67A9E8162CB4230E003E2A11 /* Shh */ = {
			isa = PBXFileSystemSynchronizedRootGroup;
			exceptions = (
				67A9E9C02CBC40FB003E2A11 /* Exceptions for "Shh" folder in "Shh" target */,
				FB8E69EC2CCF589400882A0F /* Exceptions for "Shh" folder in "DynamicIslandWidgetExtension" target */,
				8DE180EA2CD3A1450031D8D6 /* Exceptions for "Shh" folder in "ShhWatch Watch App" target */,
			);
			path = Shh;
			sourceTree = "<group>";
		};
		8DE180B72CD27B6F0031D8D6 /* ShhWatch Watch App */ = {
			isa = PBXFileSystemSynchronizedRootGroup;
			path = "ShhWatch Watch App";
			sourceTree = "<group>";
		};
		FB8E69D52CCD349C00882A0F /* DynamicIslandWidget */ = {
			isa = PBXFileSystemSynchronizedRootGroup;
			exceptions = (
				FB8E69EE2CCF58BC00882A0F /* Exceptions for "DynamicIslandWidget" folder in "Shh" target */,
				FB8E69E92CCD349D00882A0F /* Exceptions for "DynamicIslandWidget" folder in "DynamicIslandWidgetExtension" target */,
			);
			path = DynamicIslandWidget;
			sourceTree = "<group>";
		};
/* End PBXFileSystemSynchronizedRootGroup section */

/* Begin PBXFrameworksBuildPhase section */
		67A9E8112CB4230E003E2A11 /* Frameworks */ = {
			isa = PBXFrameworksBuildPhase;
			buildActionMask = 2147483647;
			files = (
			);
			runOnlyForDeploymentPostprocessing = 0;
		};
		8DE180B32CD27B6F0031D8D6 /* Frameworks */ = {
			isa = PBXFrameworksBuildPhase;
			buildActionMask = 2147483647;
			files = (
			);
			runOnlyForDeploymentPostprocessing = 0;
		};
		FB8E69CC2CCD349C00882A0F /* Frameworks */ = {
			isa = PBXFrameworksBuildPhase;
			buildActionMask = 2147483647;
			files = (
				FB8E69D42CCD349C00882A0F /* SwiftUI.framework in Frameworks */,
				FB8E69D22CCD349C00882A0F /* WidgetKit.framework in Frameworks */,
			);
			runOnlyForDeploymentPostprocessing = 0;
		};
/* End PBXFrameworksBuildPhase section */

/* Begin PBXGroup section */
		67A9E80B2CB4230E003E2A11 = {
			isa = PBXGroup;
			children = (
				67A9E82A2CB426A8003E2A11 /* .swiftlint.yml */,
				67A9E8162CB4230E003E2A11 /* Shh */,
				FB8E69D52CCD349C00882A0F /* DynamicIslandWidget */,
				8DE180B72CD27B6F0031D8D6 /* ShhWatch Watch App */,
				FB8E69D02CCD349C00882A0F /* Frameworks */,
				67A9E8152CB4230E003E2A11 /* Products */,
			);
			sourceTree = "<group>";
		};
		67A9E8152CB4230E003E2A11 /* Products */ = {
			isa = PBXGroup;
			children = (
				67A9E8142CB4230E003E2A11 /* Shh.app */,
				FB8E69CF2CCD349C00882A0F /* DynamicIslandWidgetExtension.appex */,
				8DE180B62CD27B6F0031D8D6 /* ShhWatch Watch App.app */,
			);
			name = Products;
			sourceTree = "<group>";
		};
		FB8E69D02CCD349C00882A0F /* Frameworks */ = {
			isa = PBXGroup;
			children = (
				FB8E69D12CCD349C00882A0F /* WidgetKit.framework */,
				FB8E69D32CCD349C00882A0F /* SwiftUI.framework */,
			);
			name = Frameworks;
			sourceTree = "<group>";
		};
/* End PBXGroup section */

/* Begin PBXNativeTarget section */
		67A9E8132CB4230E003E2A11 /* Shh */ = {
			isa = PBXNativeTarget;
			buildConfigurationList = 67A9E8222CB42310003E2A11 /* Build configuration list for PBXNativeTarget "Shh" */;
			buildPhases = (
				67A9E8292CB4254B003E2A11 /* SwiftLint Script */,
				67A9E8102CB4230E003E2A11 /* Sources */,
				67A9E8112CB4230E003E2A11 /* Frameworks */,
				67A9E8122CB4230E003E2A11 /* Resources */,
				FB8E69EA2CCD349D00882A0F /* Embed Foundation Extensions */,
				8DE180C42CD27B700031D8D6 /* Embed Watch Content */,
			);
			buildRules = (
			);
			dependencies = (
				FB8E69E42CCD349D00882A0F /* PBXTargetDependency */,
				8DE180C22CD27B700031D8D6 /* PBXTargetDependency */,
			);
			fileSystemSynchronizedGroups = (
				67A9E8162CB4230E003E2A11 /* Shh */,
			);
			name = Shh;
			packageProductDependencies = (
			);
			productName = Shh;
			productReference = 67A9E8142CB4230E003E2A11 /* Shh.app */;
			productType = "com.apple.product-type.application";
		};
		8DE180B52CD27B6F0031D8D6 /* ShhWatch Watch App */ = {
			isa = PBXNativeTarget;
			buildConfigurationList = 8DE180C72CD27B700031D8D6 /* Build configuration list for PBXNativeTarget "ShhWatch Watch App" */;
			buildPhases = (
				8DE180B22CD27B6F0031D8D6 /* Sources */,
				8DE180B32CD27B6F0031D8D6 /* Frameworks */,
				8DE180B42CD27B6F0031D8D6 /* Resources */,
			);
			buildRules = (
			);
			dependencies = (
			);
			fileSystemSynchronizedGroups = (
				8DE180B72CD27B6F0031D8D6 /* ShhWatch Watch App */,
			);
			name = "ShhWatch Watch App";
			packageProductDependencies = (
			);
			productName = "ShhWatch Watch App";
			productReference = 8DE180B62CD27B6F0031D8D6 /* ShhWatch Watch App.app */;
			productType = "com.apple.product-type.application";
		};
		FB8E69CE2CCD349C00882A0F /* DynamicIslandWidgetExtension */ = {
			isa = PBXNativeTarget;
			buildConfigurationList = FB8E69E62CCD349D00882A0F /* Build configuration list for PBXNativeTarget "DynamicIslandWidgetExtension" */;
			buildPhases = (
				FB8E69CB2CCD349C00882A0F /* Sources */,
				FB8E69CC2CCD349C00882A0F /* Frameworks */,
				FB8E69CD2CCD349C00882A0F /* Resources */,
			);
			buildRules = (
			);
			dependencies = (
			);
			fileSystemSynchronizedGroups = (
				FB8E69D52CCD349C00882A0F /* DynamicIslandWidget */,
			);
			name = DynamicIslandWidgetExtension;
			packageProductDependencies = (
			);
			productName = DynamicIslandWidgetExtension;
			productReference = FB8E69CF2CCD349C00882A0F /* DynamicIslandWidgetExtension.appex */;
			productType = "com.apple.product-type.app-extension";
		};
/* End PBXNativeTarget section */

/* Begin PBXProject section */
		67A9E80C2CB4230E003E2A11 /* Project object */ = {
			isa = PBXProject;
			attributes = {
				BuildIndependentTargetsInParallel = 1;
				LastSwiftUpdateCheck = 1600;
				LastUpgradeCheck = 1600;
				TargetAttributes = {
					67A9E8132CB4230E003E2A11 = {
						CreatedOnToolsVersion = 16.0;
					};
					8DE180B52CD27B6F0031D8D6 = {
						CreatedOnToolsVersion = 16.0;
					};
					FB8E69CE2CCD349C00882A0F = {
						CreatedOnToolsVersion = 16.0;
					};
				};
			};
			buildConfigurationList = 67A9E80F2CB4230E003E2A11 /* Build configuration list for PBXProject "Shh" */;
			developmentRegion = ko;
			hasScannedForEncodings = 0;
			knownRegions = (
				Base,
				en,
				ko,
			);
			mainGroup = 67A9E80B2CB4230E003E2A11;
			minimizedProjectReferenceProxies = 1;
			preferredProjectObjectVersion = 77;
			productRefGroup = 67A9E8152CB4230E003E2A11 /* Products */;
			projectDirPath = "";
			projectRoot = "";
			targets = (
				67A9E8132CB4230E003E2A11 /* Shh */,
				FB8E69CE2CCD349C00882A0F /* DynamicIslandWidgetExtension */,
				8DE180B52CD27B6F0031D8D6 /* ShhWatch Watch App */,
			);
		};
/* End PBXProject section */

/* Begin PBXResourcesBuildPhase section */
		67A9E8122CB4230E003E2A11 /* Resources */ = {
			isa = PBXResourcesBuildPhase;
			buildActionMask = 2147483647;
			files = (
				67A9E82B2CB426A8003E2A11 /* .swiftlint.yml in Resources */,
			);
			runOnlyForDeploymentPostprocessing = 0;
		};
		8DE180B42CD27B6F0031D8D6 /* Resources */ = {
			isa = PBXResourcesBuildPhase;
			buildActionMask = 2147483647;
			files = (
			);
			runOnlyForDeploymentPostprocessing = 0;
		};
		FB8E69CD2CCD349C00882A0F /* Resources */ = {
			isa = PBXResourcesBuildPhase;
			buildActionMask = 2147483647;
			files = (
			);
			runOnlyForDeploymentPostprocessing = 0;
		};
/* End PBXResourcesBuildPhase section */

/* Begin PBXShellScriptBuildPhase section */
		67A9E8292CB4254B003E2A11 /* SwiftLint Script */ = {
			isa = PBXShellScriptBuildPhase;
			alwaysOutOfDate = 1;
			buildActionMask = 2147483647;
			files = (
			);
			inputFileListPaths = (
			);
			inputPaths = (
			);
			name = "SwiftLint Script";
			outputFileListPaths = (
			);
			outputPaths = (
			);
			runOnlyForDeploymentPostprocessing = 0;
			shellPath = /bin/sh;
			shellScript = "export PATH=\"$PATH:/opt/homebrew/bin\"\nif which swiftlint >/dev/null; then\n  swiftlint\nelse\n  echo \"warning: SwiftLint not installed, download from https://github.com/realm/SwiftLint\"\nfi\n";
		};
/* End PBXShellScriptBuildPhase section */

/* Begin PBXSourcesBuildPhase section */
		67A9E8102CB4230E003E2A11 /* Sources */ = {
			isa = PBXSourcesBuildPhase;
			buildActionMask = 2147483647;
			files = (
			);
			runOnlyForDeploymentPostprocessing = 0;
		};
		8DE180B22CD27B6F0031D8D6 /* Sources */ = {
			isa = PBXSourcesBuildPhase;
			buildActionMask = 2147483647;
			files = (
			);
			runOnlyForDeploymentPostprocessing = 0;
		};
		FB8E69CB2CCD349C00882A0F /* Sources */ = {
			isa = PBXSourcesBuildPhase;
			buildActionMask = 2147483647;
			files = (
			);
			runOnlyForDeploymentPostprocessing = 0;
		};
/* End PBXSourcesBuildPhase section */

/* Begin PBXTargetDependency section */
		8DE180C22CD27B700031D8D6 /* PBXTargetDependency */ = {
			isa = PBXTargetDependency;
			target = 8DE180B52CD27B6F0031D8D6 /* ShhWatch Watch App */;
			targetProxy = 8DE180C12CD27B700031D8D6 /* PBXContainerItemProxy */;
		};
		FB8E69E42CCD349D00882A0F /* PBXTargetDependency */ = {
			isa = PBXTargetDependency;
			target = FB8E69CE2CCD349C00882A0F /* DynamicIslandWidgetExtension */;
			targetProxy = FB8E69E32CCD349D00882A0F /* PBXContainerItemProxy */;
		};
/* End PBXTargetDependency section */

/* Begin XCBuildConfiguration section */
		67A9E8202CB42310003E2A11 /* Debug */ = {
			isa = XCBuildConfiguration;
			buildSettings = {
				ALWAYS_SEARCH_USER_PATHS = NO;
				ASSETCATALOG_COMPILER_GENERATE_SWIFT_ASSET_SYMBOL_EXTENSIONS = YES;
				CLANG_ANALYZER_NONNULL = YES;
				CLANG_ANALYZER_NUMBER_OBJECT_CONVERSION = YES_AGGRESSIVE;
				CLANG_CXX_LANGUAGE_STANDARD = "gnu++20";
				CLANG_ENABLE_MODULES = YES;
				CLANG_ENABLE_OBJC_ARC = YES;
				CLANG_ENABLE_OBJC_WEAK = YES;
				CLANG_WARN_BLOCK_CAPTURE_AUTORELEASING = YES;
				CLANG_WARN_BOOL_CONVERSION = YES;
				CLANG_WARN_COMMA = YES;
				CLANG_WARN_CONSTANT_CONVERSION = YES;
				CLANG_WARN_DEPRECATED_OBJC_IMPLEMENTATIONS = YES;
				CLANG_WARN_DIRECT_OBJC_ISA_USAGE = YES_ERROR;
				CLANG_WARN_DOCUMENTATION_COMMENTS = YES;
				CLANG_WARN_EMPTY_BODY = YES;
				CLANG_WARN_ENUM_CONVERSION = YES;
				CLANG_WARN_INFINITE_RECURSION = YES;
				CLANG_WARN_INT_CONVERSION = YES;
				CLANG_WARN_NON_LITERAL_NULL_CONVERSION = YES;
				CLANG_WARN_OBJC_IMPLICIT_RETAIN_SELF = YES;
				CLANG_WARN_OBJC_LITERAL_CONVERSION = YES;
				CLANG_WARN_OBJC_ROOT_CLASS = YES_ERROR;
				CLANG_WARN_QUOTED_INCLUDE_IN_FRAMEWORK_HEADER = YES;
				CLANG_WARN_RANGE_LOOP_ANALYSIS = YES;
				CLANG_WARN_STRICT_PROTOTYPES = YES;
				CLANG_WARN_SUSPICIOUS_MOVE = YES;
				CLANG_WARN_UNGUARDED_AVAILABILITY = YES_AGGRESSIVE;
				CLANG_WARN_UNREACHABLE_CODE = YES;
				CLANG_WARN__DUPLICATE_METHOD_MATCH = YES;
				COPY_PHASE_STRIP = NO;
				DEBUG_INFORMATION_FORMAT = dwarf;
				ENABLE_STRICT_OBJC_MSGSEND = YES;
				ENABLE_TESTABILITY = YES;
				ENABLE_USER_SCRIPT_SANDBOXING = YES;
				GCC_C_LANGUAGE_STANDARD = gnu17;
				GCC_DYNAMIC_NO_PIC = NO;
				GCC_NO_COMMON_BLOCKS = YES;
				GCC_OPTIMIZATION_LEVEL = 0;
				GCC_PREPROCESSOR_DEFINITIONS = (
					"DEBUG=1",
					"$(inherited)",
				);
				GCC_WARN_64_TO_32_BIT_CONVERSION = YES;
				GCC_WARN_ABOUT_RETURN_TYPE = YES_ERROR;
				GCC_WARN_UNDECLARED_SELECTOR = YES;
				GCC_WARN_UNINITIALIZED_AUTOS = YES_AGGRESSIVE;
				GCC_WARN_UNUSED_FUNCTION = YES;
				GCC_WARN_UNUSED_VARIABLE = YES;
				IPHONEOS_DEPLOYMENT_TARGET = 18.0;
				LOCALIZATION_PREFERS_STRING_CATALOGS = YES;
				MTL_ENABLE_DEBUG_INFO = INCLUDE_SOURCE;
				MTL_FAST_MATH = YES;
				ONLY_ACTIVE_ARCH = YES;
				SDKROOT = iphoneos;
				SWIFT_ACTIVE_COMPILATION_CONDITIONS = "DEBUG $(inherited)";
				SWIFT_EMIT_LOC_STRINGS = YES;
				SWIFT_OPTIMIZATION_LEVEL = "-Onone";
			};
			name = Debug;
		};
		67A9E8212CB42310003E2A11 /* Release */ = {
			isa = XCBuildConfiguration;
			buildSettings = {
				ALWAYS_SEARCH_USER_PATHS = NO;
				ASSETCATALOG_COMPILER_GENERATE_SWIFT_ASSET_SYMBOL_EXTENSIONS = YES;
				CLANG_ANALYZER_NONNULL = YES;
				CLANG_ANALYZER_NUMBER_OBJECT_CONVERSION = YES_AGGRESSIVE;
				CLANG_CXX_LANGUAGE_STANDARD = "gnu++20";
				CLANG_ENABLE_MODULES = YES;
				CLANG_ENABLE_OBJC_ARC = YES;
				CLANG_ENABLE_OBJC_WEAK = YES;
				CLANG_WARN_BLOCK_CAPTURE_AUTORELEASING = YES;
				CLANG_WARN_BOOL_CONVERSION = YES;
				CLANG_WARN_COMMA = YES;
				CLANG_WARN_CONSTANT_CONVERSION = YES;
				CLANG_WARN_DEPRECATED_OBJC_IMPLEMENTATIONS = YES;
				CLANG_WARN_DIRECT_OBJC_ISA_USAGE = YES_ERROR;
				CLANG_WARN_DOCUMENTATION_COMMENTS = YES;
				CLANG_WARN_EMPTY_BODY = YES;
				CLANG_WARN_ENUM_CONVERSION = YES;
				CLANG_WARN_INFINITE_RECURSION = YES;
				CLANG_WARN_INT_CONVERSION = YES;
				CLANG_WARN_NON_LITERAL_NULL_CONVERSION = YES;
				CLANG_WARN_OBJC_IMPLICIT_RETAIN_SELF = YES;
				CLANG_WARN_OBJC_LITERAL_CONVERSION = YES;
				CLANG_WARN_OBJC_ROOT_CLASS = YES_ERROR;
				CLANG_WARN_QUOTED_INCLUDE_IN_FRAMEWORK_HEADER = YES;
				CLANG_WARN_RANGE_LOOP_ANALYSIS = YES;
				CLANG_WARN_STRICT_PROTOTYPES = YES;
				CLANG_WARN_SUSPICIOUS_MOVE = YES;
				CLANG_WARN_UNGUARDED_AVAILABILITY = YES_AGGRESSIVE;
				CLANG_WARN_UNREACHABLE_CODE = YES;
				CLANG_WARN__DUPLICATE_METHOD_MATCH = YES;
				COPY_PHASE_STRIP = NO;
				DEBUG_INFORMATION_FORMAT = "dwarf-with-dsym";
				ENABLE_NS_ASSERTIONS = NO;
				ENABLE_STRICT_OBJC_MSGSEND = YES;
				ENABLE_USER_SCRIPT_SANDBOXING = YES;
				GCC_C_LANGUAGE_STANDARD = gnu17;
				GCC_NO_COMMON_BLOCKS = YES;
				GCC_WARN_64_TO_32_BIT_CONVERSION = YES;
				GCC_WARN_ABOUT_RETURN_TYPE = YES_ERROR;
				GCC_WARN_UNDECLARED_SELECTOR = YES;
				GCC_WARN_UNINITIALIZED_AUTOS = YES_AGGRESSIVE;
				GCC_WARN_UNUSED_FUNCTION = YES;
				GCC_WARN_UNUSED_VARIABLE = YES;
				IPHONEOS_DEPLOYMENT_TARGET = 18.0;
				LOCALIZATION_PREFERS_STRING_CATALOGS = YES;
				MTL_ENABLE_DEBUG_INFO = NO;
				MTL_FAST_MATH = YES;
				SDKROOT = iphoneos;
				SWIFT_COMPILATION_MODE = wholemodule;
				SWIFT_EMIT_LOC_STRINGS = YES;
				VALIDATE_PRODUCT = YES;
			};
			name = Release;
		};
		67A9E8232CB42310003E2A11 /* Debug */ = {
			isa = XCBuildConfiguration;
			buildSettings = {
				ASSETCATALOG_COMPILER_APPICON_NAME = AppIcon;
				ASSETCATALOG_COMPILER_GLOBAL_ACCENT_COLOR_NAME = AccentColor;
				CODE_SIGN_STYLE = Automatic;
				CURRENT_PROJECT_VERSION = 1;
				DEVELOPMENT_ASSET_PATHS = "\"Shh/Resources/Preview Content\"";
				DEVELOPMENT_TEAM = 56LCM2KZR8;
				ENABLE_PREVIEWS = YES;
				ENABLE_USER_SCRIPT_SANDBOXING = NO;
				GENERATE_INFOPLIST_FILE = YES;
				INFOPLIST_FILE = Shh/App/Info.plist;
				INFOPLIST_KEY_CFBundleDisplayName = "Shh-!";
				INFOPLIST_KEY_LSApplicationCategoryType = "";
				INFOPLIST_KEY_NSMicrophoneUsageDescription = "Shh-!는 주변 소음 측정을 위해 마이크 접근 권한이 필요합니다.";
				INFOPLIST_KEY_NSSupportsLiveActivities = YES;
				INFOPLIST_KEY_UIApplicationSceneManifest_Generation = YES;
				INFOPLIST_KEY_UIApplicationSupportsIndirectInputEvents = YES;
				INFOPLIST_KEY_UILaunchScreen_Generation = YES;
				INFOPLIST_KEY_UISupportedInterfaceOrientations = UIInterfaceOrientationPortrait;
				INFOPLIST_KEY_UISupportedInterfaceOrientations_iPad = "UIInterfaceOrientationLandscapeLeft UIInterfaceOrientationLandscapeRight UIInterfaceOrientationPortrait UIInterfaceOrientationPortraitUpsideDown";
				INFOPLIST_KEY_UIUserInterfaceStyle = Dark;
				IPHONEOS_DEPLOYMENT_TARGET = 17.0;
				LD_RUNPATH_SEARCH_PATHS = (
					"$(inherited)",
					"@executable_path/Frameworks",
				);
				MARKETING_VERSION = 1.0;
				PRODUCT_BUNDLE_IDENTIFIER = com.hotnsource.Shh;
				PRODUCT_NAME = "$(TARGET_NAME)";
				SUPPORTED_PLATFORMS = "iphoneos iphonesimulator";
				SUPPORTS_MACCATALYST = NO;
				SUPPORTS_MAC_DESIGNED_FOR_IPHONE_IPAD = NO;
				SUPPORTS_XR_DESIGNED_FOR_IPHONE_IPAD = NO;
				SWIFT_EMIT_LOC_STRINGS = YES;
				SWIFT_VERSION = 5.0;
				TARGETED_DEVICE_FAMILY = 1;
			};
			name = Debug;
		};
		67A9E8242CB42310003E2A11 /* Release */ = {
			isa = XCBuildConfiguration;
			buildSettings = {
				ASSETCATALOG_COMPILER_APPICON_NAME = AppIcon;
				ASSETCATALOG_COMPILER_GLOBAL_ACCENT_COLOR_NAME = AccentColor;
				CODE_SIGN_STYLE = Automatic;
				CURRENT_PROJECT_VERSION = 1;
				DEVELOPMENT_ASSET_PATHS = "\"Shh/Resources/Preview Content\"";
				DEVELOPMENT_TEAM = 56LCM2KZR8;
				ENABLE_PREVIEWS = YES;
				ENABLE_USER_SCRIPT_SANDBOXING = NO;
				GENERATE_INFOPLIST_FILE = YES;
				INFOPLIST_FILE = Shh/App/Info.plist;
				INFOPLIST_KEY_CFBundleDisplayName = "Shh-!";
				INFOPLIST_KEY_LSApplicationCategoryType = "";
				INFOPLIST_KEY_NSMicrophoneUsageDescription = "Shh-!는 주변 소음 측정을 위해 마이크 접근 권한이 필요합니다.";
				INFOPLIST_KEY_NSSupportsLiveActivities = YES;
				INFOPLIST_KEY_UIApplicationSceneManifest_Generation = YES;
				INFOPLIST_KEY_UIApplicationSupportsIndirectInputEvents = YES;
				INFOPLIST_KEY_UILaunchScreen_Generation = YES;
				INFOPLIST_KEY_UISupportedInterfaceOrientations = UIInterfaceOrientationPortrait;
				INFOPLIST_KEY_UISupportedInterfaceOrientations_iPad = "UIInterfaceOrientationLandscapeLeft UIInterfaceOrientationLandscapeRight UIInterfaceOrientationPortrait UIInterfaceOrientationPortraitUpsideDown";
				INFOPLIST_KEY_UIUserInterfaceStyle = Dark;
				IPHONEOS_DEPLOYMENT_TARGET = 17.0;
				LD_RUNPATH_SEARCH_PATHS = (
					"$(inherited)",
					"@executable_path/Frameworks",
				);
				MARKETING_VERSION = 1.0;
				PRODUCT_BUNDLE_IDENTIFIER = com.hotnsource.Shh;
				PRODUCT_NAME = "$(TARGET_NAME)";
				SUPPORTED_PLATFORMS = "iphoneos iphonesimulator";
				SUPPORTS_MACCATALYST = NO;
				SUPPORTS_MAC_DESIGNED_FOR_IPHONE_IPAD = NO;
				SUPPORTS_XR_DESIGNED_FOR_IPHONE_IPAD = NO;
				SWIFT_EMIT_LOC_STRINGS = YES;
				SWIFT_VERSION = 5.0;
				TARGETED_DEVICE_FAMILY = 1;
			};
			name = Release;
		};
		8DE180C52CD27B700031D8D6 /* Debug */ = {
			isa = XCBuildConfiguration;
			buildSettings = {
				ASSETCATALOG_COMPILER_APPICON_NAME = AppIcon;
				ASSETCATALOG_COMPILER_GLOBAL_ACCENT_COLOR_NAME = AccentColor;
				CODE_SIGN_STYLE = Automatic;
				CURRENT_PROJECT_VERSION = 1;
				DEVELOPMENT_ASSET_PATHS = "\"ShhWatch Watch App/Preview Content\"";
				DEVELOPMENT_TEAM = 56LCM2KZR8;
				ENABLE_PREVIEWS = YES;
				GENERATE_INFOPLIST_FILE = YES;
				INFOPLIST_FILE = "ShhWatch-Watch-App-Info.plist";
				INFOPLIST_KEY_CFBundleDisplayName = ShhWatch;
				INFOPLIST_KEY_NSMicrophoneUsageDescription = "Shh-!는 주변 소음 측정을 위해 마이크 접근 권한이 필요합니다.";
				INFOPLIST_KEY_UISupportedInterfaceOrientations = "UIInterfaceOrientationPortrait UIInterfaceOrientationPortraitUpsideDown";
				INFOPLIST_KEY_WKCompanionAppBundleIdentifier = com.hotnsource.Shh;
				LD_RUNPATH_SEARCH_PATHS = (
					"$(inherited)",
					"@executable_path/Frameworks",
				);
				MARKETING_VERSION = 1.0;
				PRODUCT_BUNDLE_IDENTIFIER = com.hotnsource.Shh.watchkitapp;
				PRODUCT_NAME = "$(TARGET_NAME)";
				SDKROOT = watchos;
				SKIP_INSTALL = YES;
				SWIFT_EMIT_LOC_STRINGS = YES;
				SWIFT_VERSION = 5.0;
				TARGETED_DEVICE_FAMILY = 4;
				WATCHOS_DEPLOYMENT_TARGET = 11.0;
			};
			name = Debug;
		};
		8DE180C62CD27B700031D8D6 /* Release */ = {
			isa = XCBuildConfiguration;
			buildSettings = {
				ASSETCATALOG_COMPILER_APPICON_NAME = AppIcon;
				ASSETCATALOG_COMPILER_GLOBAL_ACCENT_COLOR_NAME = AccentColor;
				CODE_SIGN_STYLE = Automatic;
				CURRENT_PROJECT_VERSION = 1;
				DEVELOPMENT_ASSET_PATHS = "\"ShhWatch Watch App/Preview Content\"";
				DEVELOPMENT_TEAM = 56LCM2KZR8;
				ENABLE_PREVIEWS = YES;
				GENERATE_INFOPLIST_FILE = YES;
				INFOPLIST_FILE = "ShhWatch-Watch-App-Info.plist";
				INFOPLIST_KEY_CFBundleDisplayName = ShhWatch;
				INFOPLIST_KEY_NSMicrophoneUsageDescription = "Shh-!는 주변 소음 측정을 위해 마이크 접근 권한이 필요합니다.";
				INFOPLIST_KEY_UISupportedInterfaceOrientations = "UIInterfaceOrientationPortrait UIInterfaceOrientationPortraitUpsideDown";
				INFOPLIST_KEY_WKCompanionAppBundleIdentifier = com.hotnsource.Shh;
				LD_RUNPATH_SEARCH_PATHS = (
					"$(inherited)",
					"@executable_path/Frameworks",
				);
				MARKETING_VERSION = 1.0;
				PRODUCT_BUNDLE_IDENTIFIER = com.hotnsource.Shh.watchkitapp;
				PRODUCT_NAME = "$(TARGET_NAME)";
				SDKROOT = watchos;
				SKIP_INSTALL = YES;
				SWIFT_EMIT_LOC_STRINGS = YES;
				SWIFT_VERSION = 5.0;
				TARGETED_DEVICE_FAMILY = 4;
				WATCHOS_DEPLOYMENT_TARGET = 11.0;
			};
			name = Release;
		};
		FB8E69E72CCD349D00882A0F /* Debug */ = {
			isa = XCBuildConfiguration;
			buildSettings = {
				ASSETCATALOG_COMPILER_GLOBAL_ACCENT_COLOR_NAME = AccentColor;
				ASSETCATALOG_COMPILER_WIDGET_BACKGROUND_COLOR_NAME = WidgetBackground;
				CODE_SIGN_STYLE = Automatic;
				CURRENT_PROJECT_VERSION = 1;
				DEVELOPMENT_TEAM = 56LCM2KZR8;
				GENERATE_INFOPLIST_FILE = YES;
				INFOPLIST_FILE = DynamicIslandWidget/Info.plist;
				INFOPLIST_KEY_CFBundleDisplayName = DynamicIslandWidget;
				INFOPLIST_KEY_NSHumanReadableCopyright = "";
				IPHONEOS_DEPLOYMENT_TARGET = 17.0;
				LD_RUNPATH_SEARCH_PATHS = (
					"$(inherited)",
					"@executable_path/Frameworks",
					"@executable_path/../../Frameworks",
				);
				MARKETING_VERSION = 1.0;
				PRODUCT_BUNDLE_IDENTIFIER = com.hotnsource.Shh.DynamicIslandWidget;
				PRODUCT_NAME = "$(TARGET_NAME)";
				SKIP_INSTALL = YES;
				SWIFT_EMIT_LOC_STRINGS = YES;
				SWIFT_VERSION = 5.0;
				TARGETED_DEVICE_FAMILY = "1,2";
			};
			name = Debug;
		};
		FB8E69E82CCD349D00882A0F /* Release */ = {
			isa = XCBuildConfiguration;
			buildSettings = {
				ASSETCATALOG_COMPILER_GLOBAL_ACCENT_COLOR_NAME = AccentColor;
				ASSETCATALOG_COMPILER_WIDGET_BACKGROUND_COLOR_NAME = WidgetBackground;
				CODE_SIGN_STYLE = Automatic;
				CURRENT_PROJECT_VERSION = 1;
				DEVELOPMENT_TEAM = 56LCM2KZR8;
				GENERATE_INFOPLIST_FILE = YES;
				INFOPLIST_FILE = DynamicIslandWidget/Info.plist;
				INFOPLIST_KEY_CFBundleDisplayName = DynamicIslandWidget;
				INFOPLIST_KEY_NSHumanReadableCopyright = "";
				IPHONEOS_DEPLOYMENT_TARGET = 17.0;
				LD_RUNPATH_SEARCH_PATHS = (
					"$(inherited)",
					"@executable_path/Frameworks",
					"@executable_path/../../Frameworks",
				);
				MARKETING_VERSION = 1.0;
				PRODUCT_BUNDLE_IDENTIFIER = com.hotnsource.Shh.DynamicIslandWidget;
				PRODUCT_NAME = "$(TARGET_NAME)";
				SKIP_INSTALL = YES;
				SWIFT_EMIT_LOC_STRINGS = YES;
				SWIFT_VERSION = 5.0;
				TARGETED_DEVICE_FAMILY = "1,2";
			};
			name = Release;
		};
/* End XCBuildConfiguration section */

/* Begin XCConfigurationList section */
		67A9E80F2CB4230E003E2A11 /* Build configuration list for PBXProject "Shh" */ = {
			isa = XCConfigurationList;
			buildConfigurations = (
				67A9E8202CB42310003E2A11 /* Debug */,
				67A9E8212CB42310003E2A11 /* Release */,
			);
			defaultConfigurationIsVisible = 0;
			defaultConfigurationName = Release;
		};
		67A9E8222CB42310003E2A11 /* Build configuration list for PBXNativeTarget "Shh" */ = {
			isa = XCConfigurationList;
			buildConfigurations = (
				67A9E8232CB42310003E2A11 /* Debug */,
				67A9E8242CB42310003E2A11 /* Release */,
			);
			defaultConfigurationIsVisible = 0;
			defaultConfigurationName = Release;
		};
		8DE180C72CD27B700031D8D6 /* Build configuration list for PBXNativeTarget "ShhWatch Watch App" */ = {
			isa = XCConfigurationList;
			buildConfigurations = (
				8DE180C52CD27B700031D8D6 /* Debug */,
				8DE180C62CD27B700031D8D6 /* Release */,
			);
			defaultConfigurationIsVisible = 0;
			defaultConfigurationName = Release;
		};
		FB8E69E62CCD349D00882A0F /* Build configuration list for PBXNativeTarget "DynamicIslandWidgetExtension" */ = {
			isa = XCConfigurationList;
			buildConfigurations = (
				FB8E69E72CCD349D00882A0F /* Debug */,
				FB8E69E82CCD349D00882A0F /* Release */,
			);
			defaultConfigurationIsVisible = 0;
			defaultConfigurationName = Release;
		};
/* End XCConfigurationList section */
	};
	rootObject = 67A9E80C2CB4230E003E2A11 /* Project object */;
}
